
Microsoft Visual Studio Solution File, Format Version 12.00
# Visual Studio 15
VisualStudioVersion = 15.0.28010.2026
MinimumVisualStudioVersion = 10.0.40219.1
Project("{888888A0-9F3D-457C-B088-3A5042F75D52}") = "SiameseNewLoss", "SiameseNewLoss\SiameseNewLoss.pyproj", "{9D6CF1A2-3688-4979-AC6F-3BF64B4BFABB}"
EndProject
Global
	GlobalSection(SolutionConfigurationPlatforms) = preSolution
		Debug|Any CPU = Debug|Any CPU
		Release|Any CPU = Release|Any CPU
	EndGlobalSection
	GlobalSection(ProjectConfigurationPlatforms) = postSolution
		{9D6CF1A2-3688-4979-AC6F-3BF64B4BFABB}.Debug|Any CPU.ActiveCfg = Debug|Any CPU
		{9D6CF1A2-3688-4979-AC6F-3BF64B4BFABB}.Release|Any CPU.ActiveCfg = Release|Any CPU
	EndGlobalSection
	GlobalSection(SolutionProperties) = preSolution
		HideSolutionNode = FALSE
	EndGlobalSection
	GlobalSection(ExtensibilityGlobals) = postSolution
		SolutionGuid = {783A2576-219D-499B-B652-EC7E611323E3}
	EndGlobalSection
EndGlobal
