
Microsoft Visual Studio Solution File, Format Version 12.00
# Visual Studio 15
VisualStudioVersion = 15.0.27703.2000
MinimumVisualStudioVersion = 10.0.40219.1
Project("{888888A0-9F3D-457C-B088-3A5042F75D52}") = "LeastSquaresRegression", "LeastSquaresRegression\LeastSquaresRegression.pyproj", "{FF3E71CC-0AE2-4E74-B76C-83E7B8449458}"
EndProject
Global
	GlobalSection(SolutionConfigurationPlatforms) = preSolution
		Debug|Any CPU = Debug|Any CPU
		Release|Any CPU = Release|Any CPU
	EndGlobalSection
	GlobalSection(ProjectConfigurationPlatforms) = postSolution
		{FF3E71CC-0AE2-4E74-B76C-83E7B8449458}.Debug|Any CPU.ActiveCfg = Debug|Any CPU
		{FF3E71CC-0AE2-4E74-B76C-83E7B8449458}.Release|Any CPU.ActiveCfg = Release|Any CPU
	EndGlobalSection
	GlobalSection(SolutionProperties) = preSolution
		HideSolutionNode = FALSE
	EndGlobalSection
	GlobalSection(ExtensibilityGlobals) = postSolution
		SolutionGuid = {E39606CF-ECAE-47E1-BCE1-38A0C359A970}
	EndGlobalSection
EndGlobal
